// !$*UTF8*$!
{
	archiveVersion = 1;
	classes = {
	};
	objectVersion = 46;
	objects = {

/* Begin PBXBuildFile section */
		9568A9311E5566FD005B31FD /* AppDelegate.swift in Sources */ = {isa = PBXBuildFile; fileRef = 9568A9301E5566FD005B31FD /* AppDelegate.swift */; };
		9568A9331E5566FD005B31FD /* ViewController.swift in Sources */ = {isa = PBXBuildFile; fileRef = 9568A9321E5566FD005B31FD /* ViewController.swift */; };
		9568A9361E5566FD005B31FD /* Main.storyboard in Resources */ = {isa = PBXBuildFile; fileRef = 9568A9341E5566FD005B31FD /* Main.storyboard */; };
		9568A9381E5566FD005B31FD /* Assets.xcassets in Resources */ = {isa = PBXBuildFile; fileRef = 9568A9371E5566FD005B31FD /* Assets.xcassets */; };
		9568A93B1E5566FD005B31FD /* LaunchScreen.storyboard in Resources */ = {isa = PBXBuildFile; fileRef = 9568A9391E5566FD005B31FD /* LaunchScreen.storyboard */; };
		C2BB7156891A615F174D67C2 /* Pods_Cards.framework in Frameworks */ = {isa = PBXBuildFile; fileRef = DADC7393B6E8C8015F16A0A9 /* Pods_Cards.framework */; };
/* End PBXBuildFile section */

/* Begin PBXFileReference section */
		518FA2B8B505E9617E8E7FBC /* Pods-Cards.release.xcconfig */ = {isa = PBXFileReference; includeInIndex = 1; lastKnownFileType = text.xcconfig; name = "Pods-Cards.release.xcconfig"; path = "Pods/Target Support Files/Pods-Cards/Pods-Cards.release.xcconfig"; sourceTree = "<group>"; };
		9568A92D1E5566FD005B31FD /* Cards.app */ = {isa = PBXFileReference; explicitFileType = wrapper.application; includeInIndex = 0; path = Cards.app; sourceTree = BUILT_PRODUCTS_DIR; };
		9568A9301E5566FD005B31FD /* AppDelegate.swift */ = {isa = PBXFileReference; lastKnownFileType = sourcecode.swift; path = AppDelegate.swift; sourceTree = "<group>"; };
		9568A9321E5566FD005B31FD /* ViewController.swift */ = {isa = PBXFileReference; lastKnownFileType = sourcecode.swift; path = ViewController.swift; sourceTree = "<group>"; };
		9568A9351E5566FD005B31FD /* Base */ = {isa = PBXFileReference; lastKnownFileType = file.storyboard; name = Base; path = Base.lproj/Main.storyboard; sourceTree = "<group>"; };
		9568A9371E5566FD005B31FD /* Assets.xcassets */ = {isa = PBXFileReference; lastKnownFileType = folder.assetcatalog; path = Assets.xcassets; sourceTree = "<group>"; };
		9568A93A1E5566FD005B31FD /* Base */ = {isa = PBXFileReference; lastKnownFileType = file.storyboard; name = Base; path = Base.lproj/LaunchScreen.storyboard; sourceTree = "<group>"; };
		9568A93C1E5566FD005B31FD /* Info.plist */ = {isa = PBXFileReference; lastKnownFileType = text.plist.xml; path = Info.plist; sourceTree = "<group>"; };
		998EEF4A5F5FC6D03DB8E6BA /* Pods-Cards.debug.xcconfig */ = {isa = PBXFileReference; includeInIndex = 1; lastKnownFileType = text.xcconfig; name = "Pods-Cards.debug.xcconfig"; path = "Pods/Target Support Files/Pods-Cards/Pods-Cards.debug.xcconfig"; sourceTree = "<group>"; };
		DADC7393B6E8C8015F16A0A9 /* Pods_Cards.framework */ = {isa = PBXFileReference; explicitFileType = wrapper.framework; includeInIndex = 0; path = Pods_Cards.framework; sourceTree = BUILT_PRODUCTS_DIR; };
/* End PBXFileReference section */

/* Begin PBXFrameworksBuildPhase section */
		9568A92A1E5566FD005B31FD /* Frameworks */ = {
			isa = PBXFrameworksBuildPhase;
			buildActionMask = 2147483647;
			files = (
				C2BB7156891A615F174D67C2 /* Pods_Cards.framework in Frameworks */,
			);
			runOnlyForDeploymentPostprocessing = 0;
		};
/* End PBXFrameworksBuildPhase section */

/* Begin PBXGroup section */
		9568A9241E5566FD005B31FD = {
			isa = PBXGroup;
			children = (
				9568A92F1E5566FD005B31FD /* Cards */,
				9568A92E1E5566FD005B31FD /* Products */,
				B297AF3493F7A47B58EE597C /* Pods */,
				AE1710435BE5515046E155E6 /* Frameworks */,
			);
			sourceTree = "<group>";
		};
		9568A92E1E5566FD005B31FD /* Products */ = {
			isa = PBXGroup;
			children = (
				9568A92D1E5566FD005B31FD /* Cards.app */,
			);
			name = Products;
			sourceTree = "<group>";
		};
		9568A92F1E5566FD005B31FD /* Cards */ = {
			isa = PBXGroup;
			children = (
				9568A9301E5566FD005B31FD /* AppDelegate.swift */,
				9568A9321E5566FD005B31FD /* ViewController.swift */,
				9568A9341E5566FD005B31FD /* Main.storyboard */,
				9568A9371E5566FD005B31FD /* Assets.xcassets */,
				9568A9391E5566FD005B31FD /* LaunchScreen.storyboard */,
				9568A93C1E5566FD005B31FD /* Info.plist */,
			);
			path = Cards;
			sourceTree = "<group>";
		};
		AE1710435BE5515046E155E6 /* Frameworks */ = {
			isa = PBXGroup;
			children = (
				DADC7393B6E8C8015F16A0A9 /* Pods_Cards.framework */,
			);
			name = Frameworks;
			sourceTree = "<group>";
		};
		B297AF3493F7A47B58EE597C /* Pods */ = {
			isa = PBXGroup;
			children = (
				998EEF4A5F5FC6D03DB8E6BA /* Pods-Cards.debug.xcconfig */,
				518FA2B8B505E9617E8E7FBC /* Pods-Cards.release.xcconfig */,
			);
			name = Pods;
			sourceTree = "<group>";
		};
/* End PBXGroup section */

/* Begin PBXNativeTarget section */
		9568A92C1E5566FD005B31FD /* Cards */ = {
			isa = PBXNativeTarget;
			buildConfigurationList = 9568A93F1E5566FD005B31FD /* Build configuration list for PBXNativeTarget "Cards" */;
			buildPhases = (
				010F65636F3D94F1636683E6 /* [CP] Check Pods Manifest.lock */,
				9568A9291E5566FD005B31FD /* Sources */,
				9568A92A1E5566FD005B31FD /* Frameworks */,
				9568A92B1E5566FD005B31FD /* Resources */,
				02CAB06818219F4947430D26 /* [CP] Embed Pods Frameworks */,
				6081B594139946A02EF0223C /* [CP] Copy Pods Resources */,
			);
			buildRules = (
			);
			dependencies = (
			);
			name = Cards;
			productName = Cards;
			productReference = 9568A92D1E5566FD005B31FD /* Cards.app */;
			productType = "com.apple.product-type.application";
		};
/* End PBXNativeTarget section */

/* Begin PBXProject section */
		9568A9251E5566FD005B31FD /* Project object */ = {
			isa = PBXProject;
			attributes = {
				LastSwiftUpdateCheck = 0730;
				LastUpgradeCheck = 0730;
				ORGANIZATIONNAME = "Sumit Mukhija";
				TargetAttributes = {
					9568A92C1E5566FD005B31FD = {
						CreatedOnToolsVersion = 7.3.1;
					};
				};
			};
			buildConfigurationList = 9568A9281E5566FD005B31FD /* Build configuration list for PBXProject "Cards" */;
			compatibilityVersion = "Xcode 3.2";
			developmentRegion = English;
			hasScannedForEncodings = 0;
			knownRegions = (
				en,
				Base,
			);
			mainGroup = 9568A9241E5566FD005B31FD;
			productRefGroup = 9568A92E1E5566FD005B31FD /* Products */;
			projectDirPath = "";
			projectRoot = "";
			targets = (
				9568A92C1E5566FD005B31FD /* Cards */,
			);
		};
/* End PBXProject section */

/* Begin PBXResourcesBuildPhase section */
		9568A92B1E5566FD005B31FD /* Resources */ = {
			isa = PBXResourcesBuildPhase;
			buildActionMask = 2147483647;
			files = (
				9568A93B1E5566FD005B31FD /* LaunchScreen.storyboard in Resources */,
				9568A9381E5566FD005B31FD /* Assets.xcassets in Resources */,
				9568A9361E5566FD005B31FD /* Main.storyboard in Resources */,
			);
			runOnlyForDeploymentPostprocessing = 0;
		};
/* End PBXResourcesBuildPhase section */

/* Begin PBXShellScriptBuildPhase section */
		010F65636F3D94F1636683E6 /* [CP] Check Pods Manifest.lock */ = {
			isa = PBXShellScriptBuildPhase;
			buildActionMask = 2147483647;
			files = (
			);
			inputPaths = (
			);
			name = "[CP] Check Pods Manifest.lock";
			outputPaths = (
			);
			runOnlyForDeploymentPostprocessing = 0;
			shellPath = /bin/sh;
			shellScript = "diff \"${PODS_ROOT}/../Podfile.lock\" \"${PODS_ROOT}/Manifest.lock\" > /dev/null\nif [ $? != 0 ] ; then\n    # print error to STDERR\n    echo \"error: The sandbox is not in sync with the Podfile.lock. Run 'pod install' or update your CocoaPods installation.\" >&2\n    exit 1\nfi\n";
			showEnvVarsInLog = 0;
		};
		02CAB06818219F4947430D26 /* [CP] Embed Pods Frameworks */ = {
			isa = PBXShellScriptBuildPhase;
			buildActionMask = 2147483647;
			files = (
			);
			inputPaths = (
			);
			name = "[CP] Embed Pods Frameworks";
			outputPaths = (
			);
			runOnlyForDeploymentPostprocessing = 0;
			shellPath = /bin/sh;
			shellScript = "\"${SRCROOT}/Pods/Target Support Files/Pods-Cards/Pods-Cards-frameworks.sh\"\n";
			showEnvVarsInLog = 0;
		};
		6081B594139946A02EF0223C /* [CP] Copy Pods Resources */ = {
			isa = PBXShellScriptBuildPhase;
			buildActionMask = 2147483647;
			files = (
			);
			inputPaths = (
			);
			name = "[CP] Copy Pods Resources";
			outputPaths = (
			);
			runOnlyForDeploymentPostprocessing = 0;
			shellPath = /bin/sh;
			shellScript = "\"${SRCROOT}/Pods/Target Support Files/Pods-Cards/Pods-Cards-resources.sh\"\n";
			showEnvVarsInLog = 0;
		};
/* End PBXShellScriptBuildPhase section */

/* Begin PBXSourcesBuildPhase section */
		9568A9291E5566FD005B31FD /* Sources */ = {
			isa = PBXSourcesBuildPhase;
			buildActionMask = 2147483647;
			files = (
				9568A9331E5566FD005B31FD /* ViewController.swift in Sources */,
				9568A9311E5566FD005B31FD /* AppDelegate.swift in Sources */,
			);
			runOnlyForDeploymentPostprocessing = 0;
		};
/* End PBXSourcesBuildPhase section */

/* Begin PBXVariantGroup section */
		9568A9341E5566FD005B31FD /* Main.storyboard */ = {
			isa = PBXVariantGroup;
			children = (
				9568A9351E5566FD005B31FD /* Base */,
			);
			name = Main.storyboard;
			sourceTree = "<group>";
		};
		9568A9391E5566FD005B31FD /* LaunchScreen.storyboard */ = {
			isa = PBXVariantGroup;
			children = (
				9568A93A1E5566FD005B31FD /* Base */,
			);
			name = LaunchScreen.storyboard;
			sourceTree = "<group>";
		};
/* End PBXVariantGroup section */

/* Begin XCBuildConfiguration section */
		9568A93D1E5566FD005B31FD /* Debug */ = {
			isa = XCBuildConfiguration;
			buildSettings = {
				ALWAYS_SEARCH_USER_PATHS = NO;
				CLANG_ANALYZER_NONNULL = YES;
				CLANG_CXX_LANGUAGE_STANDARD = "gnu++0x";
				CLANG_CXX_LIBRARY = "libc++";
				CLANG_ENABLE_MODULES = YES;
				CLANG_ENABLE_OBJC_ARC = YES;
				CLANG_WARN_BOOL_CONVERSION = YES;
				CLANG_WARN_CONSTANT_CONVERSION = YES;
				CLANG_WARN_DIRECT_OBJC_ISA_USAGE = YES_ERROR;
				CLANG_WARN_EMPTY_BODY = YES;
				CLANG_WARN_ENUM_CONVERSION = YES;
				CLANG_WARN_INT_CONVERSION = YES;
				CLANG_WARN_OBJC_ROOT_CLASS = YES_ERROR;
				CLANG_WARN_UNREACHABLE_CODE = YES;
				CLANG_WARN__DUPLICATE_METHOD_MATCH = YES;
				"CODE_SIGN_IDENTITY[sdk=iphoneos*]" = "iPhone Developer";
				COPY_PHASE_STRIP = NO;
				DEBUG_INFORMATION_FORMAT = dwarf;
				ENABLE_STRICT_OBJC_MSGSEND = YES;
				ENABLE_TESTABILITY = YES;
				GCC_C_LANGUAGE_STANDARD = gnu99;
				GCC_DYNAMIC_NO_PIC = NO;
				GCC_NO_COMMON_BLOCKS = YES;
				GCC_OPTIMIZATION_LEVEL = 0;
				GCC_PREPROCESSOR_DEFINITIONS = (
					"DEBUG=1",
					"$(inherited)",
				);
				GCC_WARN_64_TO_32_BIT_CONVERSION = YES;
				GCC_WARN_ABOUT_RETURN_TYPE = YES_ERROR;
				GCC_WARN_UNDECLARED_SELECTOR = YES;
				GCC_WARN_UNINITIALIZED_AUTOS = YES_AGGRESSIVE;
				GCC_WARN_UNUSED_FUNCTION = YES;
				GCC_WARN_UNUSED_VARIABLE = YES;
				IPHONEOS_DEPLOYMENT_TARGET = 9.3;
				MTL_ENABLE_DEBUG_INFO = YES;
				ONLY_ACTIVE_ARCH = YES;
				SDKROOT = iphoneos;
				SWIFT_OPTIMIZATION_LEVEL = "-Onone";
				TARGETED_DEVICE_FAMILY = "1,2";
			};
			name = Debug;
		};
		9568A93E1E5566FD005B31FD /* Release */ = {
			isa = XCBuildConfiguration;
			buildSettings = {
				ALWAYS_SEARCH_USER_PATHS = NO;
				CLANG_ANALYZER_NONNULL = YES;
				CLANG_CXX_LANGUAGE_STANDARD = "gnu++0x";
				CLANG_CXX_LIBRARY = "libc++";
				CLANG_ENABLE_MODULES = YES;
				CLANG_ENABLE_OBJC_ARC = YES;
				CLANG_WARN_BOOL_CONVERSION = YES;
				CLANG_WARN_CONSTANT_CONVERSION = YES;
				CLANG_WARN_DIRECT_OBJC_ISA_USAGE = YES_ERROR;
				CLANG_WARN_EMPTY_BODY = YES;
				CLANG_WARN_ENUM_CONVERSION = YES;
				CLANG_WARN_INT_CONVERSION = YES;
				CLANG_WARN_OBJC_ROOT_CLASS = YES_ERROR;
				CLANG_WARN_UNREACHABLE_CODE = YES;
				CLANG_WARN__DUPLICATE_METHOD_MATCH = YES;
				"CODE_SIGN_IDENTITY[sdk=iphoneos*]" = "iPhone Developer";
				COPY_PHASE_STRIP = NO;
				DEBUG_INFORMATION_FORMAT = "dwarf-with-dsym";
				ENABLE_NS_ASSERTIONS = NO;
				ENABLE_STRICT_OBJC_MSGSEND = YES;
				GCC_C_LANGUAGE_STANDARD = gnu99;
				GCC_NO_COMMON_BLOCKS = YES;
				GCC_WARN_64_TO_32_BIT_CONVERSION = YES;
				GCC_WARN_ABOUT_RETURN_TYPE = YES_ERROR;
				GCC_WARN_UNDECLARED_SELECTOR = YES;
				GCC_WARN_UNINITIALIZED_AUTOS = YES_AGGRESSIVE;
				GCC_WARN_UNUSED_FUNCTION = YES;
				GCC_WARN_UNUSED_VARIABLE = YES;
				IPHONEOS_DEPLOYMENT_TARGET = 9.3;
				MTL_ENABLE_DEBUG_INFO = NO;
				SDKROOT = iphoneos;
				TARGETED_DEVICE_FAMILY = "1,2";
				VALIDATE_PRODUCT = YES;
			};
			name = Release;
		};
		9568A9401E5566FD005B31FD /* Debug */ = {
			isa = XCBuildConfiguration;
			baseConfigurationReference = 998EEF4A5F5FC6D03DB8E6BA /* Pods-Cards.debug.xcconfig */;
			buildSettings = {
				ASSETCATALOG_COMPILER_APPICON_NAME = AppIcon;
				INFOPLIST_FILE = Cards/Info.plist;
				LD_RUNPATH_SEARCH_PATHS = "$(inherited) @executable_path/Frameworks";
				PRODUCT_BUNDLE_IDENTIFIER = "com.bipolar-bear.Cards";
				PRODUCT_NAME = "$(TARGET_NAME)";
			};
			name = Debug;
		};
		9568A9411E5566FD005B31FD /* Release */ = {
			isa = XCBuildConfiguration;
			baseConfigurationReference = 518FA2B8B505E9617E8E7FBC /* Pods-Cards.release.xcconfig */;
			buildSettings = {
				ASSETCATALOG_COMPILER_APPICON_NAME = AppIcon;
				INFOPLIST_FILE = Cards/Info.plist;
				LD_RUNPATH_SEARCH_PATHS = "$(inherited) @executable_path/Frameworks";
				PRODUCT_BUNDLE_IDENTIFIER = "com.bipolar-bear.Cards";
				PRODUCT_NAME = "$(TARGET_NAME)";
			};
			name = Release;
		};
/* End XCBuildConfiguration section */

/* Begin XCConfigurationList section */
		9568A9281E5566FD005B31FD /* Build configuration list for PBXProject "Cards" */ = {
			isa = XCConfigurationList;
			buildConfigurations = (
				9568A93D1E5566FD005B31FD /* Debug */,
				9568A93E1E5566FD005B31FD /* Release */,
			);
			defaultConfigurationIsVisible = 0;
			defaultConfigurationName = Release;
		};
		9568A93F1E5566FD005B31FD /* Build configuration list for PBXNativeTarget "Cards" */ = {
			isa = XCConfigurationList;
			buildConfigurations = (
				9568A9401E5566FD005B31FD /* Debug */,
				9568A9411E5566FD005B31FD /* Release */,
			);
			defaultConfigurationIsVisible = 0;
		};
/* End XCConfigurationList section */
	};
	rootObject = 9568A9251E5566FD005B31FD /* Project object */;
}
